
Microsoft Visual Studio Solution File, Format Version 12.00
# Visual Studio Version 16
VisualStudioVersion = 16.0.33214.272
MinimumVisualStudioVersion = 10.0.40219.1
Project("{FAE04EC0-301F-11D3-BF4B-00C04F79EFBC}") = "menu", "..\menu\menu.csproj", "{4BAD4677-E91E-4B4D-942E-2A8C608C1E05}"
EndProject
Project("{FAE04EC0-301F-11D3-BF4B-00C04F79EFBC}") = "zd1", "zd1\zd1.csproj", "{6B2E57C0-DC65-4061-810E-9DFCED3EDE30}"
EndProject
Global
	GlobalSection(SolutionConfigurationPlatforms) = preSolution
		Debug|Any CPU = Debug|Any CPU
		Release|Any CPU = Release|Any CPU
	EndGlobalSection
	GlobalSection(ProjectConfigurationPlatforms) = postSolution
		{4BAD4677-E91E-4B4D-942E-2A8C608C1E05}.Debug|Any CPU.ActiveCfg = Debug|Any CPU
		{4BAD4677-E91E-4B4D-942E-2A8C608C1E05}.Debug|Any CPU.Build.0 = Debug|Any CPU
		{4BAD4677-E91E-4B4D-942E-2A8C608C1E05}.Release|Any CPU.ActiveCfg = Release|Any CPU
		{4BAD4677-E91E-4B4D-942E-2A8C608C1E05}.Release|Any CPU.Build.0 = Release|Any CPU
		{6B2E57C0-DC65-4061-810E-9DFCED3EDE30}.Debug|Any CPU.ActiveCfg = Debug|Any CPU
		{6B2E57C0-DC65-4061-810E-9DFCED3EDE30}.Debug|Any CPU.Build.0 = Debug|Any CPU
		{6B2E57C0-DC65-4061-810E-9DFCED3EDE30}.Release|Any CPU.ActiveCfg = Release|Any CPU
		{6B2E57C0-DC65-4061-810E-9DFCED3EDE30}.Release|Any CPU.Build.0 = Release|Any CPU
	EndGlobalSection
	GlobalSection(SolutionProperties) = preSolution
		HideSolutionNode = FALSE
	EndGlobalSection
	GlobalSection(ExtensibilityGlobals) = postSolution
		SolutionGuid = {372B55EE-6CC4-448A-AB09-AEC8494FCCB0}
	EndGlobalSection
EndGlobal
